
Microsoft Visual Studio Solution File, Format Version 12.00
# Visual Studio Version 17
VisualStudioVersion = 17.0.32014.148
MinimumVisualStudioVersion = 10.0.40219.1
Project("{FAE04EC0-301F-11D3-BF4B-00C04F79EFBC}") = "DotNetCoreFirebaseRealtimeDatabase", "DotNetCoreFirebaseRealtimeDatabase\DotNetCoreFirebaseRealtimeDatabase.csproj", "{46158C7D-FC66-4A11-AF87-8C0DF8BCDCE8}"
EndProject
Global
	GlobalSection(SolutionConfigurationPlatforms) = preSolution
		Debug|Any CPU = Debug|Any CPU
		Release|Any CPU = Release|Any CPU
	EndGlobalSection
	GlobalSection(ProjectConfigurationPlatforms) = postSolution
		{46158C7D-FC66-4A11-AF87-8C0DF8BCDCE8}.Debug|Any CPU.ActiveCfg = Debug|Any CPU
		{46158C7D-FC66-4A11-AF87-8C0DF8BCDCE8}.Debug|Any CPU.Build.0 = Debug|Any CPU
		{46158C7D-FC66-4A11-AF87-8C0DF8BCDCE8}.Release|Any CPU.ActiveCfg = Release|Any CPU
		{46158C7D-FC66-4A11-AF87-8C0DF8BCDCE8}.Release|Any CPU.Build.0 = Release|Any CPU
	EndGlobalSection
	GlobalSection(SolutionProperties) = preSolution
		HideSolutionNode = FALSE
	EndGlobalSection
	GlobalSection(ExtensibilityGlobals) = postSolution
		SolutionGuid = {050D5919-1F24-471E-9FC7-05D91C94D525}
	EndGlobalSection
EndGlobal
